// !$*UTF8*$!
{
	archiveVersion = 1;
	classes = {
	};
	objectVersion = 46;
	objects = {

/* Begin PBXBuildFile section */
		3A01D2261DFB411A0010740F /* Field.swift in Sources */ = {isa = PBXBuildFile; fileRef = 3A01D2251DFB411A0010740F /* Field.swift */; };
		3A01D2281DFB42300010740F /* Grid.swift in Sources */ = {isa = PBXBuildFile; fileRef = 3A01D2271DFB42300010740F /* Grid.swift */; };
		3A01D22A1DFB43D50010740F /* Player.swift in Sources */ = {isa = PBXBuildFile; fileRef = 3A01D2291DFB43D50010740F /* Player.swift */; };
		3A01D2311DFB47DF0010740F /* FieldView.swift in Sources */ = {isa = PBXBuildFile; fileRef = 3A01D2301DFB47DF0010740F /* FieldView.swift */; };
		3A0368721DE8751000FADF33 /* MainMenuViewController.swift in Sources */ = {isa = PBXBuildFile; fileRef = 3A0368711DE8751000FADF33 /* MainMenuViewController.swift */; };
		3A1485951DFDB85F004A0897 /* Array<Field>+fill.swift in Sources */ = {isa = PBXBuildFile; fileRef = 3A1485941DFDB85F004A0897 /* Array<Field>+fill.swift */; };
		3A1485971DFDC859004A0897 /* GridView.swift in Sources */ = {isa = PBXBuildFile; fileRef = 3A1485961DFDC859004A0897 /* GridView.swift */; };
		3A3E9AB51DFCDB2E00E445E8 /* UITextField+updatePoints.swift in Sources */ = {isa = PBXBuildFile; fileRef = 3A3E9AB41DFCDB2E00E445E8 /* UITextField+updatePoints.swift */; };
		3A3E9AB81DFCE2AA00E445E8 /* Symbol.swift in Sources */ = {isa = PBXBuildFile; fileRef = 3A3E9AB71DFCE2AA00E445E8 /* Symbol.swift */; };
		3ACB6E3A1DE0E4F1005FB30F /* AppDelegate.swift in Sources */ = {isa = PBXBuildFile; fileRef = 3ACB6E391DE0E4F1005FB30F /* AppDelegate.swift */; };
		3ACB6E3C1DE0E4F1005FB30F /* GameViewController.swift in Sources */ = {isa = PBXBuildFile; fileRef = 3ACB6E3B1DE0E4F1005FB30F /* GameViewController.swift */; };
		3ACB6E3F1DE0E4F1005FB30F /* Main.storyboard in Resources */ = {isa = PBXBuildFile; fileRef = 3ACB6E3D1DE0E4F1005FB30F /* Main.storyboard */; };
		3ACB6E411DE0E4F1005FB30F /* Assets.xcassets in Resources */ = {isa = PBXBuildFile; fileRef = 3ACB6E401DE0E4F1005FB30F /* Assets.xcassets */; };
		3ACB6E441DE0E4F1005FB30F /* LaunchScreen.storyboard in Resources */ = {isa = PBXBuildFile; fileRef = 3ACB6E421DE0E4F1005FB30F /* LaunchScreen.storyboard */; };
		3AE241021E0F33FD008064AA /* AIPlayer.swift in Sources */ = {isa = PBXBuildFile; fileRef = 3AE241011E0F33FD008064AA /* AIPlayer.swift */; };
		3AE241061E0F394C008064AA /* Game.swift in Sources */ = {isa = PBXBuildFile; fileRef = 3AE241051E0F394C008064AA /* Game.swift */; };
		3AE241081E0F398E008064AA /* TicTacToeGame.swift in Sources */ = {isa = PBXBuildFile; fileRef = 3AE241071E0F398E008064AA /* TicTacToeGame.swift */; };
/* End PBXBuildFile section */

/* Begin PBXFileReference section */
		3A01D2251DFB411A0010740F /* Field.swift */ = {isa = PBXFileReference; fileEncoding = 4; lastKnownFileType = sourcecode.swift; path = Field.swift; sourceTree = "<group>"; };
		3A01D2271DFB42300010740F /* Grid.swift */ = {isa = PBXFileReference; fileEncoding = 4; lastKnownFileType = sourcecode.swift; path = Grid.swift; sourceTree = "<group>"; };
		3A01D2291DFB43D50010740F /* Player.swift */ = {isa = PBXFileReference; fileEncoding = 4; lastKnownFileType = sourcecode.swift; path = Player.swift; sourceTree = "<group>"; };
		3A01D2301DFB47DF0010740F /* FieldView.swift */ = {isa = PBXFileReference; fileEncoding = 4; lastKnownFileType = sourcecode.swift; path = FieldView.swift; sourceTree = "<group>"; };
		3A0368711DE8751000FADF33 /* MainMenuViewController.swift */ = {isa = PBXFileReference; fileEncoding = 4; lastKnownFileType = sourcecode.swift; path = MainMenuViewController.swift; sourceTree = "<group>"; };
		3A1485941DFDB85F004A0897 /* Array<Field>+fill.swift */ = {isa = PBXFileReference; fileEncoding = 4; lastKnownFileType = sourcecode.swift; path = "Array<Field>+fill.swift"; sourceTree = "<group>"; };
		3A1485961DFDC859004A0897 /* GridView.swift */ = {isa = PBXFileReference; fileEncoding = 4; lastKnownFileType = sourcecode.swift; path = GridView.swift; sourceTree = "<group>"; };
		3A3E9AB41DFCDB2E00E445E8 /* UITextField+updatePoints.swift */ = {isa = PBXFileReference; fileEncoding = 4; lastKnownFileType = sourcecode.swift; path = "UITextField+updatePoints.swift"; sourceTree = "<group>"; };
		3A3E9AB71DFCE2AA00E445E8 /* Symbol.swift */ = {isa = PBXFileReference; fileEncoding = 4; lastKnownFileType = sourcecode.swift; path = Symbol.swift; sourceTree = "<group>"; };
		3ACB6E361DE0E4F1005FB30F /* Tic_Tac_toe.app */ = {isa = PBXFileReference; explicitFileType = wrapper.application; includeInIndex = 0; path = Tic_Tac_toe.app; sourceTree = BUILT_PRODUCTS_DIR; };
		3ACB6E391DE0E4F1005FB30F /* AppDelegate.swift */ = {isa = PBXFileReference; lastKnownFileType = sourcecode.swift; path = AppDelegate.swift; sourceTree = "<group>"; };
		3ACB6E3B1DE0E4F1005FB30F /* GameViewController.swift */ = {isa = PBXFileReference; lastKnownFileType = sourcecode.swift; path = GameViewController.swift; sourceTree = "<group>"; };
		3ACB6E3E1DE0E4F1005FB30F /* Base */ = {isa = PBXFileReference; lastKnownFileType = file.storyboard; name = Base; path = Base.lproj/Main.storyboard; sourceTree = "<group>"; };
		3ACB6E401DE0E4F1005FB30F /* Assets.xcassets */ = {isa = PBXFileReference; lastKnownFileType = folder.assetcatalog; path = Assets.xcassets; sourceTree = "<group>"; };
		3ACB6E431DE0E4F1005FB30F /* Base */ = {isa = PBXFileReference; lastKnownFileType = file.storyboard; name = Base; path = Base.lproj/LaunchScreen.storyboard; sourceTree = "<group>"; };
		3ACB6E451DE0E4F1005FB30F /* Info.plist */ = {isa = PBXFileReference; lastKnownFileType = text.plist.xml; path = Info.plist; sourceTree = "<group>"; };
		3AE241011E0F33FD008064AA /* AIPlayer.swift */ = {isa = PBXFileReference; fileEncoding = 4; lastKnownFileType = sourcecode.swift; path = AIPlayer.swift; sourceTree = "<group>"; };
		3AE241051E0F394C008064AA /* Game.swift */ = {isa = PBXFileReference; fileEncoding = 4; lastKnownFileType = sourcecode.swift; path = Game.swift; sourceTree = "<group>"; };
		3AE241071E0F398E008064AA /* TicTacToeGame.swift */ = {isa = PBXFileReference; fileEncoding = 4; lastKnownFileType = sourcecode.swift; path = TicTacToeGame.swift; sourceTree = "<group>"; };
/* End PBXFileReference section */

/* Begin PBXFrameworksBuildPhase section */
		3ACB6E331DE0E4F1005FB30F /* Frameworks */ = {
			isa = PBXFrameworksBuildPhase;
			buildActionMask = 2147483647;
			files = (
			);
			runOnlyForDeploymentPostprocessing = 0;
		};
/* End PBXFrameworksBuildPhase section */

/* Begin PBXGroup section */
		3A01D22D1DFB468B0010740F /* Model */ = {
			isa = PBXGroup;
			children = (
				3A01D2251DFB411A0010740F /* Field.swift */,
				3A01D2271DFB42300010740F /* Grid.swift */,
				3A01D2291DFB43D50010740F /* Player.swift */,
				3AE241011E0F33FD008064AA /* AIPlayer.swift */,
				3AE241051E0F394C008064AA /* Game.swift */,
			);
			name = Model;
			sourceTree = "<group>";
		};
		3A01D2321DFB49230010740F /* View */ = {
			isa = PBXGroup;
			children = (
				3A01D2301DFB47DF0010740F /* FieldView.swift */,
				3A1485961DFDC859004A0897 /* GridView.swift */,
			);
			name = View;
			sourceTree = "<group>";
		};
		3A0368731DE8753100FADF33 /* ViewController */ = {
			isa = PBXGroup;
			children = (
				3ACB6E3B1DE0E4F1005FB30F /* GameViewController.swift */,
				3A0368711DE8751000FADF33 /* MainMenuViewController.swift */,
			);
			name = ViewController;
			sourceTree = "<group>";
		};
		3A3E9AB61DFCDC0500E445E8 /* Extensions */ = {
			isa = PBXGroup;
			children = (
				3A3E9AB41DFCDB2E00E445E8 /* UITextField+updatePoints.swift */,
				3A1485941DFDB85F004A0897 /* Array<Field>+fill.swift */,
			);
			name = Extensions;
			sourceTree = "<group>";
		};
		3A3E9AB91DFCE46B00E445E8 /* Enums */ = {
			isa = PBXGroup;
			children = (
				3A3E9AB71DFCE2AA00E445E8 /* Symbol.swift */,
			);
			name = Enums;
			sourceTree = "<group>";
		};
		3ACB6E2D1DE0E4F1005FB30F = {
			isa = PBXGroup;
			children = (
				3ACB6E381DE0E4F1005FB30F /* Tic_Tac_toe */,
				3ACB6E371DE0E4F1005FB30F /* Products */,
			);
			sourceTree = "<group>";
		};
		3ACB6E371DE0E4F1005FB30F /* Products */ = {
			isa = PBXGroup;
			children = (
				3ACB6E361DE0E4F1005FB30F /* Tic_Tac_toe.app */,
			);
			name = Products;
			sourceTree = "<group>";
		};
		3ACB6E381DE0E4F1005FB30F /* Tic_Tac_toe */ = {
			isa = PBXGroup;
			children = (
				3A01D22D1DFB468B0010740F /* Model */,
				3A01D2321DFB49230010740F /* View */,
				3A0368731DE8753100FADF33 /* ViewController */,
				3A3E9AB91DFCE46B00E445E8 /* Enums */,
				3A3E9AB61DFCDC0500E445E8 /* Extensions */,
				3ACB6E391DE0E4F1005FB30F /* AppDelegate.swift */,
				3ACB6E3D1DE0E4F1005FB30F /* Main.storyboard */,
				3ACB6E401DE0E4F1005FB30F /* Assets.xcassets */,
				3ACB6E421DE0E4F1005FB30F /* LaunchScreen.storyboard */,
				3ACB6E451DE0E4F1005FB30F /* Info.plist */,
				3AE241071E0F398E008064AA /* TicTacToeGame.swift */,
			);
			path = Tic_Tac_toe;
			sourceTree = "<group>";
		};
/* End PBXGroup section */

/* Begin PBXNativeTarget section */
		3ACB6E351DE0E4F1005FB30F /* Tic_Tac_toe */ = {
			isa = PBXNativeTarget;
			buildConfigurationList = 3ACB6E481DE0E4F1005FB30F /* Build configuration list for PBXNativeTarget "Tic_Tac_toe" */;
			buildPhases = (
				3ACB6E321DE0E4F1005FB30F /* Sources */,
				3ACB6E331DE0E4F1005FB30F /* Frameworks */,
				3ACB6E341DE0E4F1005FB30F /* Resources */,
			);
			buildRules = (
			);
			dependencies = (
			);
			name = Tic_Tac_toe;
			productName = Tic_Tac_toe;
			productReference = 3ACB6E361DE0E4F1005FB30F /* Tic_Tac_toe.app */;
			productType = "com.apple.product-type.application";
		};
/* End PBXNativeTarget section */

/* Begin PBXProject section */
		3ACB6E2E1DE0E4F1005FB30F /* Project object */ = {
			isa = PBXProject;
			attributes = {
				LastSwiftUpdateCheck = 0810;
				LastUpgradeCheck = 0810;
				ORGANIZATIONNAME = "Adrian Kubała";
				TargetAttributes = {
					3ACB6E351DE0E4F1005FB30F = {
						CreatedOnToolsVersion = 8.1;
						ProvisioningStyle = Automatic;
					};
				};
			};
			buildConfigurationList = 3ACB6E311DE0E4F1005FB30F /* Build configuration list for PBXProject "Tic_Tac_toe" */;
			compatibilityVersion = "Xcode 3.2";
			developmentRegion = English;
			hasScannedForEncodings = 0;
			knownRegions = (
				en,
				Base,
			);
			mainGroup = 3ACB6E2D1DE0E4F1005FB30F;
			productRefGroup = 3ACB6E371DE0E4F1005FB30F /* Products */;
			projectDirPath = "";
			projectRoot = "";
			targets = (
				3ACB6E351DE0E4F1005FB30F /* Tic_Tac_toe */,
			);
		};
/* End PBXProject section */

/* Begin PBXResourcesBuildPhase section */
		3ACB6E341DE0E4F1005FB30F /* Resources */ = {
			isa = PBXResourcesBuildPhase;
			buildActionMask = 2147483647;
			files = (
				3ACB6E441DE0E4F1005FB30F /* LaunchScreen.storyboard in Resources */,
				3ACB6E411DE0E4F1005FB30F /* Assets.xcassets in Resources */,
				3ACB6E3F1DE0E4F1005FB30F /* Main.storyboard in Resources */,
			);
			runOnlyForDeploymentPostprocessing = 0;
		};
/* End PBXResourcesBuildPhase section */

/* Begin PBXSourcesBuildPhase section */
		3ACB6E321DE0E4F1005FB30F /* Sources */ = {
			isa = PBXSourcesBuildPhase;
			buildActionMask = 2147483647;
			files = (
				3A0368721DE8751000FADF33 /* MainMenuViewController.swift in Sources */,
				3ACB6E3C1DE0E4F1005FB30F /* GameViewController.swift in Sources */,
				3A01D2261DFB411A0010740F /* Field.swift in Sources */,
				3AE241061E0F394C008064AA /* Game.swift in Sources */,
				3A1485971DFDC859004A0897 /* GridView.swift in Sources */,
				3AE241021E0F33FD008064AA /* AIPlayer.swift in Sources */,
				3AE241081E0F398E008064AA /* TicTacToeGame.swift in Sources */,
				3A3E9AB51DFCDB2E00E445E8 /* UITextField+updatePoints.swift in Sources */,
				3A3E9AB81DFCE2AA00E445E8 /* Symbol.swift in Sources */,
				3A01D2281DFB42300010740F /* Grid.swift in Sources */,
				3A01D22A1DFB43D50010740F /* Player.swift in Sources */,
				3ACB6E3A1DE0E4F1005FB30F /* AppDelegate.swift in Sources */,
				3A01D2311DFB47DF0010740F /* FieldView.swift in Sources */,
				3A1485951DFDB85F004A0897 /* Array<Field>+fill.swift in Sources */,
			);
			runOnlyForDeploymentPostprocessing = 0;
		};
/* End PBXSourcesBuildPhase section */

/* Begin PBXVariantGroup section */
		3ACB6E3D1DE0E4F1005FB30F /* Main.storyboard */ = {
			isa = PBXVariantGroup;
			children = (
				3ACB6E3E1DE0E4F1005FB30F /* Base */,
			);
			name = Main.storyboard;
			sourceTree = "<group>";
		};
		3ACB6E421DE0E4F1005FB30F /* LaunchScreen.storyboard */ = {
			isa = PBXVariantGroup;
			children = (
				3ACB6E431DE0E4F1005FB30F /* Base */,
			);
			name = LaunchScreen.storyboard;
			sourceTree = "<group>";
		};
/* End PBXVariantGroup section */

/* Begin XCBuildConfiguration section */
		3ACB6E461DE0E4F1005FB30F /* Debug */ = {
			isa = XCBuildConfiguration;
			buildSettings = {
				ALWAYS_SEARCH_USER_PATHS = NO;
				CLANG_ANALYZER_NONNULL = YES;
				CLANG_CXX_LANGUAGE_STANDARD = "gnu++0x";
				CLANG_CXX_LIBRARY = "libc++";
				CLANG_ENABLE_MODULES = YES;
				CLANG_ENABLE_OBJC_ARC = YES;
				CLANG_WARN_BOOL_CONVERSION = YES;
				CLANG_WARN_CONSTANT_CONVERSION = YES;
				CLANG_WARN_DIRECT_OBJC_ISA_USAGE = YES_ERROR;
				CLANG_WARN_DOCUMENTATION_COMMENTS = YES;
				CLANG_WARN_EMPTY_BODY = YES;
				CLANG_WARN_ENUM_CONVERSION = YES;
				CLANG_WARN_INFINITE_RECURSION = YES;
				CLANG_WARN_INT_CONVERSION = YES;
				CLANG_WARN_OBJC_ROOT_CLASS = YES_ERROR;
				CLANG_WARN_SUSPICIOUS_MOVES = YES;
				CLANG_WARN_UNREACHABLE_CODE = YES;
				CLANG_WARN__DUPLICATE_METHOD_MATCH = YES;
				"CODE_SIGN_IDENTITY[sdk=iphoneos*]" = "iPhone Developer";
				COPY_PHASE_STRIP = NO;
				DEBUG_INFORMATION_FORMAT = dwarf;
				ENABLE_STRICT_OBJC_MSGSEND = YES;
				ENABLE_TESTABILITY = YES;
				GCC_C_LANGUAGE_STANDARD = gnu99;
				GCC_DYNAMIC_NO_PIC = NO;
				GCC_NO_COMMON_BLOCKS = YES;
				GCC_OPTIMIZATION_LEVEL = 0;
				GCC_PREPROCESSOR_DEFINITIONS = (
					"DEBUG=1",
					"$(inherited)",
				);
				GCC_WARN_64_TO_32_BIT_CONVERSION = YES;
				GCC_WARN_ABOUT_RETURN_TYPE = YES_ERROR;
				GCC_WARN_UNDECLARED_SELECTOR = YES;
				GCC_WARN_UNINITIALIZED_AUTOS = YES_AGGRESSIVE;
				GCC_WARN_UNUSED_FUNCTION = YES;
				GCC_WARN_UNUSED_VARIABLE = YES;
				IPHONEOS_DEPLOYMENT_TARGET = 10.1;
				MTL_ENABLE_DEBUG_INFO = YES;
				ONLY_ACTIVE_ARCH = YES;
				SDKROOT = iphoneos;
				SWIFT_ACTIVE_COMPILATION_CONDITIONS = DEBUG;
				SWIFT_OPTIMIZATION_LEVEL = "-Onone";
				TARGETED_DEVICE_FAMILY = "1,2";
			};
			name = Debug;
		};
		3ACB6E471DE0E4F1005FB30F /* Release */ = {
			isa = XCBuildConfiguration;
			buildSettings = {
				ALWAYS_SEARCH_USER_PATHS = NO;
				CLANG_ANALYZER_NONNULL = YES;
				CLANG_CXX_LANGUAGE_STANDARD = "gnu++0x";
				CLANG_CXX_LIBRARY = "libc++";
				CLANG_ENABLE_MODULES = YES;
				CLANG_ENABLE_OBJC_ARC = YES;
				CLANG_WARN_BOOL_CONVERSION = YES;
				CLANG_WARN_CONSTANT_CONVERSION = YES;
				CLANG_WARN_DIRECT_OBJC_ISA_USAGE = YES_ERROR;
				CLANG_WARN_DOCUMENTATION_COMMENTS = YES;
				CLANG_WARN_EMPTY_BODY = YES;
				CLANG_WARN_ENUM_CONVERSION = YES;
				CLANG_WARN_INFINITE_RECURSION = YES;
				CLANG_WARN_INT_CONVERSION = YES;
				CLANG_WARN_OBJC_ROOT_CLASS = YES_ERROR;
				CLANG_WARN_SUSPICIOUS_MOVES = YES;
				CLANG_WARN_UNREACHABLE_CODE = YES;
				CLANG_WARN__DUPLICATE_METHOD_MATCH = YES;
				"CODE_SIGN_IDENTITY[sdk=iphoneos*]" = "iPhone Developer";
				COPY_PHASE_STRIP = NO;
				DEBUG_INFORMATION_FORMAT = "dwarf-with-dsym";
				ENABLE_NS_ASSERTIONS = NO;
				ENABLE_STRICT_OBJC_MSGSEND = YES;
				GCC_C_LANGUAGE_STANDARD = gnu99;
				GCC_NO_COMMON_BLOCKS = YES;
				GCC_WARN_64_TO_32_BIT_CONVERSION = YES;
				GCC_WARN_ABOUT_RETURN_TYPE = YES_ERROR;
				GCC_WARN_UNDECLARED_SELECTOR = YES;
				GCC_WARN_UNINITIALIZED_AUTOS = YES_AGGRESSIVE;
				GCC_WARN_UNUSED_FUNCTION = YES;
				GCC_WARN_UNUSED_VARIABLE = YES;
				IPHONEOS_DEPLOYMENT_TARGET = 10.1;
				MTL_ENABLE_DEBUG_INFO = NO;
				SDKROOT = iphoneos;
				SWIFT_OPTIMIZATION_LEVEL = "-Owholemodule";
				TARGETED_DEVICE_FAMILY = "1,2";
				VALIDATE_PRODUCT = YES;
			};
			name = Release;
		};
		3ACB6E491DE0E4F1005FB30F /* Debug */ = {
			isa = XCBuildConfiguration;
			buildSettings = {
				ASSETCATALOG_COMPILER_APPICON_NAME = AppIcon;
				INFOPLIST_FILE = Tic_Tac_toe/Info.plist;
				LD_RUNPATH_SEARCH_PATHS = "$(inherited) @executable_path/Frameworks";
				PRODUCT_BUNDLE_IDENTIFIER = "com.adrian-kubala.Tic-Tac-toe";
				PRODUCT_NAME = "$(TARGET_NAME)";
				SWIFT_VERSION = 3.0;
			};
			name = Debug;
		};
		3ACB6E4A1DE0E4F1005FB30F /* Release */ = {
			isa = XCBuildConfiguration;
			buildSettings = {
				ASSETCATALOG_COMPILER_APPICON_NAME = AppIcon;
				INFOPLIST_FILE = Tic_Tac_toe/Info.plist;
				LD_RUNPATH_SEARCH_PATHS = "$(inherited) @executable_path/Frameworks";
				PRODUCT_BUNDLE_IDENTIFIER = "com.adrian-kubala.Tic-Tac-toe";
				PRODUCT_NAME = "$(TARGET_NAME)";
				SWIFT_VERSION = 3.0;
			};
			name = Release;
		};
/* End XCBuildConfiguration section */

/* Begin XCConfigurationList section */
		3ACB6E311DE0E4F1005FB30F /* Build configuration list for PBXProject "Tic_Tac_toe" */ = {
			isa = XCConfigurationList;
			buildConfigurations = (
				3ACB6E461DE0E4F1005FB30F /* Debug */,
				3ACB6E471DE0E4F1005FB30F /* Release */,
			);
			defaultConfigurationIsVisible = 0;
			defaultConfigurationName = Release;
		};
		3ACB6E481DE0E4F1005FB30F /* Build configuration list for PBXNativeTarget "Tic_Tac_toe" */ = {
			isa = XCConfigurationList;
			buildConfigurations = (
				3ACB6E491DE0E4F1005FB30F /* Debug */,
				3ACB6E4A1DE0E4F1005FB30F /* Release */,
			);
			defaultConfigurationIsVisible = 0;
			defaultConfigurationName = Release;
		};
/* End XCConfigurationList section */
	};
	rootObject = 3ACB6E2E1DE0E4F1005FB30F /* Project object */;
}
